
Microsoft Visual Studio Solution File, Format Version 12.00
# Visual Studio Version 16
VisualStudioVersion = 16.0.31229.75
MinimumVisualStudioVersion = 10.0.40219.1
Project("{8BC9CEB8-8B4A-11D0-8D11-00A0C91BC942}") = "HistogramAggregator", "HistogramAggregator\HistogramAggregator.vcxproj", "{4FF1E05A-B33B-45AE-B847-7DCFE1B7CDA8}"
EndProject
Project("{8BC9CEB8-8B4A-11D0-8D11-00A0C91BC942}") = "HistogramSourceFilesGenerator", "HistogramSourceFilesGenerator\HistogramSourceFilesGenerator.vcxproj", "{45F5CD29-09BD-4CAD-8F5B-7C65E7262067}"
EndProject
Global
	GlobalSection(SolutionConfigurationPlatforms) = preSolution
		Debug|x64 = Debug|x64
		Debug|x86 = Debug|x86
		Release|x64 = Release|x64
		Release|x86 = Release|x86
	EndGlobalSection
	GlobalSection(ProjectConfigurationPlatforms) = postSolution
		{4FF1E05A-B33B-45AE-B847-7DCFE1B7CDA8}.Debug|x64.ActiveCfg = Debug|x64
		{4FF1E05A-B33B-45AE-B847-7DCFE1B7CDA8}.Debug|x64.Build.0 = Debug|x64
		{4FF1E05A-B33B-45AE-B847-7DCFE1B7CDA8}.Debug|x86.ActiveCfg = Debug|Win32
		{4FF1E05A-B33B-45AE-B847-7DCFE1B7CDA8}.Debug|x86.Build.0 = Debug|Win32
		{4FF1E05A-B33B-45AE-B847-7DCFE1B7CDA8}.Release|x64.ActiveCfg = Release|x64
		{4FF1E05A-B33B-45AE-B847-7DCFE1B7CDA8}.Release|x64.Build.0 = Release|x64
		{4FF1E05A-B33B-45AE-B847-7DCFE1B7CDA8}.Release|x86.ActiveCfg = Release|Win32
		{4FF1E05A-B33B-45AE-B847-7DCFE1B7CDA8}.Release|x86.Build.0 = Release|Win32
		{45F5CD29-09BD-4CAD-8F5B-7C65E7262067}.Debug|x64.ActiveCfg = Debug|x64
		{45F5CD29-09BD-4CAD-8F5B-7C65E7262067}.Debug|x64.Build.0 = Debug|x64
		{45F5CD29-09BD-4CAD-8F5B-7C65E7262067}.Debug|x86.ActiveCfg = Debug|Win32
		{45F5CD29-09BD-4CAD-8F5B-7C65E7262067}.Debug|x86.Build.0 = Debug|Win32
		{45F5CD29-09BD-4CAD-8F5B-7C65E7262067}.Release|x64.ActiveCfg = Release|x64
		{45F5CD29-09BD-4CAD-8F5B-7C65E7262067}.Release|x64.Build.0 = Release|x64
		{45F5CD29-09BD-4CAD-8F5B-7C65E7262067}.Release|x86.ActiveCfg = Release|Win32
		{45F5CD29-09BD-4CAD-8F5B-7C65E7262067}.Release|x86.Build.0 = Release|Win32
	EndGlobalSection
	GlobalSection(SolutionProperties) = preSolution
		HideSolutionNode = FALSE
	EndGlobalSection
	GlobalSection(ExtensibilityGlobals) = postSolution
		SolutionGuid = {2E72F968-8724-45B4-AABB-8BA8F95482AA}
	EndGlobalSection
EndGlobal
